
Microsoft Visual Studio Solution File, Format Version 12.00
# Visual Studio 15
VisualStudioVersion = 15.0.27130.0
MinimumVisualStudioVersion = 10.0.40219.1
Project("{FAE04EC0-301F-11D3-BF4B-00C04F79EFBC}") = "TounamentAppUI", "Tounament App\TounamentAppUI.csproj", "{49C235CE-6AC9-4664-8BF2-4BCC582ABF2F}"
EndProject
Project("{FAE04EC0-301F-11D3-BF4B-00C04F79EFBC}") = "TournamentAppDB", "Tournament App DB\TournamentAppDB.csproj", "{09109F05-11E0-4942-81AE-083733C8BFC2}"
EndProject
Project("{FAE04EC0-301F-11D3-BF4B-00C04F79EFBC}") = "TournamentAppDBTest", "TournamentAppDBTest\TournamentAppDBTest.csproj", "{A97F5520-B159-4427-8807-DCF104B2C0DE}"
EndProject
Global
	GlobalSection(SolutionConfigurationPlatforms) = preSolution
		Debug|Any CPU = Debug|Any CPU
		Release|Any CPU = Release|Any CPU
	EndGlobalSection
	GlobalSection(ProjectConfigurationPlatforms) = postSolution
		{49C235CE-6AC9-4664-8BF2-4BCC582ABF2F}.Debug|Any CPU.ActiveCfg = Debug|Any CPU
		{49C235CE-6AC9-4664-8BF2-4BCC582ABF2F}.Debug|Any CPU.Build.0 = Debug|Any CPU
		{49C235CE-6AC9-4664-8BF2-4BCC582ABF2F}.Release|Any CPU.ActiveCfg = Release|Any CPU
		{49C235CE-6AC9-4664-8BF2-4BCC582ABF2F}.Release|Any CPU.Build.0 = Release|Any CPU
		{09109F05-11E0-4942-81AE-083733C8BFC2}.Debug|Any CPU.ActiveCfg = Debug|Any CPU
		{09109F05-11E0-4942-81AE-083733C8BFC2}.Debug|Any CPU.Build.0 = Debug|Any CPU
		{09109F05-11E0-4942-81AE-083733C8BFC2}.Release|Any CPU.ActiveCfg = Release|Any CPU
		{09109F05-11E0-4942-81AE-083733C8BFC2}.Release|Any CPU.Build.0 = Release|Any CPU
		{A97F5520-B159-4427-8807-DCF104B2C0DE}.Debug|Any CPU.ActiveCfg = Debug|Any CPU
		{A97F5520-B159-4427-8807-DCF104B2C0DE}.Debug|Any CPU.Build.0 = Debug|Any CPU
		{A97F5520-B159-4427-8807-DCF104B2C0DE}.Release|Any CPU.ActiveCfg = Release|Any CPU
		{A97F5520-B159-4427-8807-DCF104B2C0DE}.Release|Any CPU.Build.0 = Release|Any CPU
	EndGlobalSection
	GlobalSection(SolutionProperties) = preSolution
		HideSolutionNode = FALSE
	EndGlobalSection
	GlobalSection(ExtensibilityGlobals) = postSolution
		SolutionGuid = {D17388ED-F11F-41DB-8B59-D8EE0E166120}
	EndGlobalSection
EndGlobal
