
Microsoft Visual Studio Solution File, Format Version 12.00
# Visual Studio 15
VisualStudioVersion = 15.0.27130.2027
MinimumVisualStudioVersion = 10.0.40219.1
Project("{FAE04EC0-301F-11D3-BF4B-00C04F79EFBC}") = "TounamentAppUI", "Tounament App\TounamentAppUI.csproj", "{49C235CE-6AC9-4664-8BF2-4BCC582ABF2F}"
EndProject
Project("{FAE04EC0-301F-11D3-BF4B-00C04F79EFBC}") = "TournamentAppDB", "Tournament App DB\TournamentAppDB.csproj", "{09109F05-11E0-4942-81AE-083733C8BFC2}"
EndProject
Project("{FAE04EC0-301F-11D3-BF4B-00C04F79EFBC}") = "TournamentAppDBTest", "TournamentAppDBTest\TournamentAppDBTest.csproj", "{A97F5520-B159-4427-8807-DCF104B2C0DE}"
EndProject
Project("{FAE04EC0-301F-11D3-BF4B-00C04F79EFBC}") = "TournamentAppUITest", "TournamentAppUITest\TournamentAppUITest.csproj", "{D11AB9EC-856F-487F-A616-C0B9A0813AFE}"
EndProject
Global
	GlobalSection(SolutionConfigurationPlatforms) = preSolution
		Debug|Any CPU = Debug|Any CPU
		Debug|ARM = Debug|ARM
		Debug|x64 = Debug|x64
		Debug|x86 = Debug|x86
		Release|Any CPU = Release|Any CPU
		Release|ARM = Release|ARM
		Release|x64 = Release|x64
		Release|x86 = Release|x86
	EndGlobalSection
	GlobalSection(ProjectConfigurationPlatforms) = postSolution
		{49C235CE-6AC9-4664-8BF2-4BCC582ABF2F}.Debug|Any CPU.ActiveCfg = Debug|Any CPU
		{49C235CE-6AC9-4664-8BF2-4BCC582ABF2F}.Debug|Any CPU.Build.0 = Debug|Any CPU
		{49C235CE-6AC9-4664-8BF2-4BCC582ABF2F}.Debug|ARM.ActiveCfg = Debug|Any CPU
		{49C235CE-6AC9-4664-8BF2-4BCC582ABF2F}.Debug|ARM.Build.0 = Debug|Any CPU
		{49C235CE-6AC9-4664-8BF2-4BCC582ABF2F}.Debug|x64.ActiveCfg = Debug|Any CPU
		{49C235CE-6AC9-4664-8BF2-4BCC582ABF2F}.Debug|x64.Build.0 = Debug|Any CPU
		{49C235CE-6AC9-4664-8BF2-4BCC582ABF2F}.Debug|x86.ActiveCfg = Debug|Any CPU
		{49C235CE-6AC9-4664-8BF2-4BCC582ABF2F}.Debug|x86.Build.0 = Debug|Any CPU
		{49C235CE-6AC9-4664-8BF2-4BCC582ABF2F}.Release|Any CPU.ActiveCfg = Release|Any CPU
		{49C235CE-6AC9-4664-8BF2-4BCC582ABF2F}.Release|Any CPU.Build.0 = Release|Any CPU
		{49C235CE-6AC9-4664-8BF2-4BCC582ABF2F}.Release|ARM.ActiveCfg = Release|Any CPU
		{49C235CE-6AC9-4664-8BF2-4BCC582ABF2F}.Release|ARM.Build.0 = Release|Any CPU
		{49C235CE-6AC9-4664-8BF2-4BCC582ABF2F}.Release|x64.ActiveCfg = Release|Any CPU
		{49C235CE-6AC9-4664-8BF2-4BCC582ABF2F}.Release|x64.Build.0 = Release|Any CPU
		{49C235CE-6AC9-4664-8BF2-4BCC582ABF2F}.Release|x86.ActiveCfg = Release|Any CPU
		{49C235CE-6AC9-4664-8BF2-4BCC582ABF2F}.Release|x86.Build.0 = Release|Any CPU
		{09109F05-11E0-4942-81AE-083733C8BFC2}.Debug|Any CPU.ActiveCfg = Debug|Any CPU
		{09109F05-11E0-4942-81AE-083733C8BFC2}.Debug|Any CPU.Build.0 = Debug|Any CPU
		{09109F05-11E0-4942-81AE-083733C8BFC2}.Debug|ARM.ActiveCfg = Debug|Any CPU
		{09109F05-11E0-4942-81AE-083733C8BFC2}.Debug|ARM.Build.0 = Debug|Any CPU
		{09109F05-11E0-4942-81AE-083733C8BFC2}.Debug|x64.ActiveCfg = Debug|Any CPU
		{09109F05-11E0-4942-81AE-083733C8BFC2}.Debug|x64.Build.0 = Debug|Any CPU
		{09109F05-11E0-4942-81AE-083733C8BFC2}.Debug|x86.ActiveCfg = Debug|Any CPU
		{09109F05-11E0-4942-81AE-083733C8BFC2}.Debug|x86.Build.0 = Debug|Any CPU
		{09109F05-11E0-4942-81AE-083733C8BFC2}.Release|Any CPU.ActiveCfg = Release|Any CPU
		{09109F05-11E0-4942-81AE-083733C8BFC2}.Release|Any CPU.Build.0 = Release|Any CPU
		{09109F05-11E0-4942-81AE-083733C8BFC2}.Release|ARM.ActiveCfg = Release|Any CPU
		{09109F05-11E0-4942-81AE-083733C8BFC2}.Release|ARM.Build.0 = Release|Any CPU
		{09109F05-11E0-4942-81AE-083733C8BFC2}.Release|x64.ActiveCfg = Release|Any CPU
		{09109F05-11E0-4942-81AE-083733C8BFC2}.Release|x64.Build.0 = Release|Any CPU
		{09109F05-11E0-4942-81AE-083733C8BFC2}.Release|x86.ActiveCfg = Release|Any CPU
		{09109F05-11E0-4942-81AE-083733C8BFC2}.Release|x86.Build.0 = Release|Any CPU
		{A97F5520-B159-4427-8807-DCF104B2C0DE}.Debug|Any CPU.ActiveCfg = Debug|Any CPU
		{A97F5520-B159-4427-8807-DCF104B2C0DE}.Debug|Any CPU.Build.0 = Debug|Any CPU
		{A97F5520-B159-4427-8807-DCF104B2C0DE}.Debug|ARM.ActiveCfg = Debug|Any CPU
		{A97F5520-B159-4427-8807-DCF104B2C0DE}.Debug|ARM.Build.0 = Debug|Any CPU
		{A97F5520-B159-4427-8807-DCF104B2C0DE}.Debug|x64.ActiveCfg = Debug|Any CPU
		{A97F5520-B159-4427-8807-DCF104B2C0DE}.Debug|x64.Build.0 = Debug|Any CPU
		{A97F5520-B159-4427-8807-DCF104B2C0DE}.Debug|x86.ActiveCfg = Debug|Any CPU
		{A97F5520-B159-4427-8807-DCF104B2C0DE}.Debug|x86.Build.0 = Debug|Any CPU
		{A97F5520-B159-4427-8807-DCF104B2C0DE}.Release|Any CPU.ActiveCfg = Release|Any CPU
		{A97F5520-B159-4427-8807-DCF104B2C0DE}.Release|Any CPU.Build.0 = Release|Any CPU
		{A97F5520-B159-4427-8807-DCF104B2C0DE}.Release|ARM.ActiveCfg = Release|Any CPU
		{A97F5520-B159-4427-8807-DCF104B2C0DE}.Release|ARM.Build.0 = Release|Any CPU
		{A97F5520-B159-4427-8807-DCF104B2C0DE}.Release|x64.ActiveCfg = Release|Any CPU
		{A97F5520-B159-4427-8807-DCF104B2C0DE}.Release|x64.Build.0 = Release|Any CPU
		{A97F5520-B159-4427-8807-DCF104B2C0DE}.Release|x86.ActiveCfg = Release|Any CPU
		{A97F5520-B159-4427-8807-DCF104B2C0DE}.Release|x86.Build.0 = Release|Any CPU
		{D11AB9EC-856F-487F-A616-C0B9A0813AFE}.Debug|Any CPU.ActiveCfg = Debug|Any CPU
		{D11AB9EC-856F-487F-A616-C0B9A0813AFE}.Debug|Any CPU.Build.0 = Debug|Any CPU
		{D11AB9EC-856F-487F-A616-C0B9A0813AFE}.Debug|ARM.ActiveCfg = Debug|Any CPU
		{D11AB9EC-856F-487F-A616-C0B9A0813AFE}.Debug|ARM.Build.0 = Debug|Any CPU
		{D11AB9EC-856F-487F-A616-C0B9A0813AFE}.Debug|x64.ActiveCfg = Debug|Any CPU
		{D11AB9EC-856F-487F-A616-C0B9A0813AFE}.Debug|x64.Build.0 = Debug|Any CPU
		{D11AB9EC-856F-487F-A616-C0B9A0813AFE}.Debug|x86.ActiveCfg = Debug|Any CPU
		{D11AB9EC-856F-487F-A616-C0B9A0813AFE}.Debug|x86.Build.0 = Debug|Any CPU
		{D11AB9EC-856F-487F-A616-C0B9A0813AFE}.Release|Any CPU.ActiveCfg = Release|Any CPU
		{D11AB9EC-856F-487F-A616-C0B9A0813AFE}.Release|Any CPU.Build.0 = Release|Any CPU
		{D11AB9EC-856F-487F-A616-C0B9A0813AFE}.Release|ARM.ActiveCfg = Release|Any CPU
		{D11AB9EC-856F-487F-A616-C0B9A0813AFE}.Release|ARM.Build.0 = Release|Any CPU
		{D11AB9EC-856F-487F-A616-C0B9A0813AFE}.Release|x64.ActiveCfg = Release|Any CPU
		{D11AB9EC-856F-487F-A616-C0B9A0813AFE}.Release|x64.Build.0 = Release|Any CPU
		{D11AB9EC-856F-487F-A616-C0B9A0813AFE}.Release|x86.ActiveCfg = Release|Any CPU
		{D11AB9EC-856F-487F-A616-C0B9A0813AFE}.Release|x86.Build.0 = Release|Any CPU
	EndGlobalSection
	GlobalSection(SolutionProperties) = preSolution
		HideSolutionNode = FALSE
	EndGlobalSection
	GlobalSection(ExtensibilityGlobals) = postSolution
		SolutionGuid = {D17388ED-F11F-41DB-8B59-D8EE0E166120}
	EndGlobalSection
EndGlobal
